
Microsoft Visual Studio Solution File, Format Version 12.00
# Visual Studio Version 16
VisualStudioVersion = 16.0.28803.202
MinimumVisualStudioVersion = 10.0.40219.1
Project("{FAE04EC0-301F-11D3-BF4B-00C04F79EFBC}") = "WashingtonStudents.Web.Api", "WashingtonStudents.Web.Api\WashingtonStudents.Web.Api.csproj", "{7D2395EE-B9A4-43AB-833F-63A8FC6EC352}"
EndProject
Global
	GlobalSection(SolutionConfigurationPlatforms) = preSolution
		Debug|Any CPU = Debug|Any CPU
		Release|Any CPU = Release|Any CPU
	EndGlobalSection
	GlobalSection(ProjectConfigurationPlatforms) = postSolution
		{7D2395EE-B9A4-43AB-833F-63A8FC6EC352}.Debug|Any CPU.ActiveCfg = Debug|Any CPU
		{7D2395EE-B9A4-43AB-833F-63A8FC6EC352}.Debug|Any CPU.Build.0 = Debug|Any CPU
		{7D2395EE-B9A4-43AB-833F-63A8FC6EC352}.Release|Any CPU.ActiveCfg = Release|Any CPU
		{7D2395EE-B9A4-43AB-833F-63A8FC6EC352}.Release|Any CPU.Build.0 = Release|Any CPU
	EndGlobalSection
	GlobalSection(SolutionProperties) = preSolution
		HideSolutionNode = FALSE
	EndGlobalSection
	GlobalSection(ExtensibilityGlobals) = postSolution
		SolutionGuid = {E61840C9-065B-4D72-805D-CD7E34FCD43A}
	EndGlobalSection
EndGlobal
